
Microsoft Visual Studio Solution File, Format Version 12.00
# Visual Studio Version 17
VisualStudioVersion = 17.7.34221.43
MinimumVisualStudioVersion = 10.0.40219.1
Project("{9A19103F-16F7-4668-BE54-9A1E7A4F7556}") = "01. Count Real Numbers", "01. Count Real Numbers\01. Count Real Numbers.csproj", "{4BD68CCA-1F6F-4C50-85D6-4A817EAFAFF1}"
EndProject
Project("{9A19103F-16F7-4668-BE54-9A1E7A4F7556}") = "02. Odd Occurrences", "02. Odd Occurrences\02. Odd Occurrences.csproj", "{E69F40BC-01BE-4DFB-9CDA-EBABE8382969}"
EndProject
Project("{FAE04EC0-301F-11D3-BF4B-00C04F79EFBC}") = "03. Word Synonyms", "03. Word Synonyms\03. Word Synonyms.csproj", "{52E11126-D8D9-4272-8C5C-6B319F7526AF}"
EndProject
Project("{FAE04EC0-301F-11D3-BF4B-00C04F79EFBC}") = "04. Word Filter", "04. Word Filter\04. Word Filter.csproj", "{8826EA42-040F-4720-BAAF-439ACEEC1148}"
EndProject
Global
	GlobalSection(SolutionConfigurationPlatforms) = preSolution
		Debug|Any CPU = Debug|Any CPU
		Release|Any CPU = Release|Any CPU
	EndGlobalSection
	GlobalSection(ProjectConfigurationPlatforms) = postSolution
		{4BD68CCA-1F6F-4C50-85D6-4A817EAFAFF1}.Debug|Any CPU.ActiveCfg = Debug|Any CPU
		{4BD68CCA-1F6F-4C50-85D6-4A817EAFAFF1}.Debug|Any CPU.Build.0 = Debug|Any CPU
		{4BD68CCA-1F6F-4C50-85D6-4A817EAFAFF1}.Release|Any CPU.ActiveCfg = Release|Any CPU
		{4BD68CCA-1F6F-4C50-85D6-4A817EAFAFF1}.Release|Any CPU.Build.0 = Release|Any CPU
		{E69F40BC-01BE-4DFB-9CDA-EBABE8382969}.Debug|Any CPU.ActiveCfg = Debug|Any CPU
		{E69F40BC-01BE-4DFB-9CDA-EBABE8382969}.Debug|Any CPU.Build.0 = Debug|Any CPU
		{E69F40BC-01BE-4DFB-9CDA-EBABE8382969}.Release|Any CPU.ActiveCfg = Release|Any CPU
		{E69F40BC-01BE-4DFB-9CDA-EBABE8382969}.Release|Any CPU.Build.0 = Release|Any CPU
		{52E11126-D8D9-4272-8C5C-6B319F7526AF}.Debug|Any CPU.ActiveCfg = Debug|Any CPU
		{52E11126-D8D9-4272-8C5C-6B319F7526AF}.Debug|Any CPU.Build.0 = Debug|Any CPU
		{52E11126-D8D9-4272-8C5C-6B319F7526AF}.Release|Any CPU.ActiveCfg = Release|Any CPU
		{52E11126-D8D9-4272-8C5C-6B319F7526AF}.Release|Any CPU.Build.0 = Release|Any CPU
		{8826EA42-040F-4720-BAAF-439ACEEC1148}.Debug|Any CPU.ActiveCfg = Debug|Any CPU
		{8826EA42-040F-4720-BAAF-439ACEEC1148}.Debug|Any CPU.Build.0 = Debug|Any CPU
		{8826EA42-040F-4720-BAAF-439ACEEC1148}.Release|Any CPU.ActiveCfg = Release|Any CPU
		{8826EA42-040F-4720-BAAF-439ACEEC1148}.Release|Any CPU.Build.0 = Release|Any CPU
	EndGlobalSection
	GlobalSection(SolutionProperties) = preSolution
		HideSolutionNode = FALSE
	EndGlobalSection
	GlobalSection(ExtensibilityGlobals) = postSolution
		SolutionGuid = {66B7DA0E-7BCA-47B2-9FB5-B59E16B68CCD}
	EndGlobalSection
EndGlobal
