
Microsoft Visual Studio Solution File, Format Version 12.00
# Visual Studio Version 17
VisualStudioVersion = 17.7.34302.85
MinimumVisualStudioVersion = 10.0.40219.1
Project("{FAE04EC0-301F-11D3-BF4B-00C04F79EFBC}") = "CarManufacturer", "CarManufacturer\CarManufacturer.csproj", "{3B6995FA-CFB9-4BDF-9873-FB5B5D214AF6}"
EndProject
Global
	GlobalSection(SolutionConfigurationPlatforms) = preSolution
		Debug|Any CPU = Debug|Any CPU
		Release|Any CPU = Release|Any CPU
	EndGlobalSection
	GlobalSection(ProjectConfigurationPlatforms) = postSolution
		{3B6995FA-CFB9-4BDF-9873-FB5B5D214AF6}.Debug|Any CPU.ActiveCfg = Debug|Any CPU
		{3B6995FA-CFB9-4BDF-9873-FB5B5D214AF6}.Debug|Any CPU.Build.0 = Debug|Any CPU
		{3B6995FA-CFB9-4BDF-9873-FB5B5D214AF6}.Release|Any CPU.ActiveCfg = Release|Any CPU
		{3B6995FA-CFB9-4BDF-9873-FB5B5D214AF6}.Release|Any CPU.Build.0 = Release|Any CPU
	EndGlobalSection
	GlobalSection(SolutionProperties) = preSolution
		HideSolutionNode = FALSE
	EndGlobalSection
	GlobalSection(ExtensibilityGlobals) = postSolution
		SolutionGuid = {094E7EA4-A92A-4485-8E5D-5A4FDEA2DE0D}
	EndGlobalSection
EndGlobal
