
Microsoft Visual Studio Solution File, Format Version 12.00
# Visual Studio Version 17
VisualStudioVersion = 17.7.34302.85
MinimumVisualStudioVersion = 10.0.40219.1
Project("{FAE04EC0-301F-11D3-BF4B-00C04F79EFBC}") = "CarManufacturer", "CarManufacturer\CarManufacturer.csproj", "{10893F7A-5B3D-4F40-BC14-38C0C48F24C0}"
EndProject
Global
	GlobalSection(SolutionConfigurationPlatforms) = preSolution
		Debug|Any CPU = Debug|Any CPU
		Release|Any CPU = Release|Any CPU
	EndGlobalSection
	GlobalSection(ProjectConfigurationPlatforms) = postSolution
		{10893F7A-5B3D-4F40-BC14-38C0C48F24C0}.Debug|Any CPU.ActiveCfg = Debug|Any CPU
		{10893F7A-5B3D-4F40-BC14-38C0C48F24C0}.Debug|Any CPU.Build.0 = Debug|Any CPU
		{10893F7A-5B3D-4F40-BC14-38C0C48F24C0}.Release|Any CPU.ActiveCfg = Release|Any CPU
		{10893F7A-5B3D-4F40-BC14-38C0C48F24C0}.Release|Any CPU.Build.0 = Release|Any CPU
	EndGlobalSection
	GlobalSection(SolutionProperties) = preSolution
		HideSolutionNode = FALSE
	EndGlobalSection
	GlobalSection(ExtensibilityGlobals) = postSolution
		SolutionGuid = {3E339BE5-34B0-4E77-B802-B2B013E93A8E}
	EndGlobalSection
EndGlobal
