
Microsoft Visual Studio Solution File, Format Version 12.00
# Visual Studio Version 17
VisualStudioVersion = 17.7.34221.43
MinimumVisualStudioVersion = 10.0.40219.1
Project("{FAE04EC0-301F-11D3-BF4B-00C04F79EFBC}") = "01. Sum Factorial Even Digits", "01. Sum Factorial Even Digits\01. Sum Factorial Even Digits.csproj", "{0E7619B9-9392-47E7-BFFB-18C8EFDDCA83}"
EndProject
Global
	GlobalSection(SolutionConfigurationPlatforms) = preSolution
		Debug|Any CPU = Debug|Any CPU
		Release|Any CPU = Release|Any CPU
	EndGlobalSection
	GlobalSection(ProjectConfigurationPlatforms) = postSolution
		{0E7619B9-9392-47E7-BFFB-18C8EFDDCA83}.Debug|Any CPU.ActiveCfg = Debug|Any CPU
		{0E7619B9-9392-47E7-BFFB-18C8EFDDCA83}.Debug|Any CPU.Build.0 = Debug|Any CPU
		{0E7619B9-9392-47E7-BFFB-18C8EFDDCA83}.Release|Any CPU.ActiveCfg = Release|Any CPU
		{0E7619B9-9392-47E7-BFFB-18C8EFDDCA83}.Release|Any CPU.Build.0 = Release|Any CPU
	EndGlobalSection
	GlobalSection(SolutionProperties) = preSolution
		HideSolutionNode = FALSE
	EndGlobalSection
	GlobalSection(ExtensibilityGlobals) = postSolution
		SolutionGuid = {5D4D6828-CFE7-4CB3-902F-5F0AAAE0DB93}
	EndGlobalSection
EndGlobal
