
Microsoft Visual Studio Solution File, Format Version 12.00
# Visual Studio Version 17
VisualStudioVersion = 17.7.34221.43
MinimumVisualStudioVersion = 10.0.40219.1
Project("{FAE04EC0-301F-11D3-BF4B-00C04F79EFBC}") = "01. Reverse Strings", "01. Reverse Strings\01. Reverse Strings.csproj", "{256F4052-0EE5-44FD-B5E3-9C8B3E02D596}"
EndProject
Project("{FAE04EC0-301F-11D3-BF4B-00C04F79EFBC}") = "02. Repeat Strings", "02. Repeat Strings\02. Repeat Strings.csproj", "{E348F764-4E72-4A17-B6CD-F89C3B932F73}"
EndProject
Project("{FAE04EC0-301F-11D3-BF4B-00C04F79EFBC}") = "03. Substring", "03. Substring\03. Substring.csproj", "{18073A33-0BBC-41FB-9D91-3E161B5BB9CC}"
EndProject
Project("{FAE04EC0-301F-11D3-BF4B-00C04F79EFBC}") = "04. Text Filter", "04. Text Filter\04. Text Filter.csproj", "{140059CF-FE94-44AF-A759-CCE696F5853E}"
EndProject
Project("{FAE04EC0-301F-11D3-BF4B-00C04F79EFBC}") = "05. Digits, Letters and Other", "05. Digits, Letters and Other\05. Digits, Letters and Other.csproj", "{B1B318AB-B798-4341-A9EE-D60662919C50}"
EndProject
Global
	GlobalSection(SolutionConfigurationPlatforms) = preSolution
		Debug|Any CPU = Debug|Any CPU
		Release|Any CPU = Release|Any CPU
	EndGlobalSection
	GlobalSection(ProjectConfigurationPlatforms) = postSolution
		{256F4052-0EE5-44FD-B5E3-9C8B3E02D596}.Debug|Any CPU.ActiveCfg = Debug|Any CPU
		{256F4052-0EE5-44FD-B5E3-9C8B3E02D596}.Debug|Any CPU.Build.0 = Debug|Any CPU
		{256F4052-0EE5-44FD-B5E3-9C8B3E02D596}.Release|Any CPU.ActiveCfg = Release|Any CPU
		{256F4052-0EE5-44FD-B5E3-9C8B3E02D596}.Release|Any CPU.Build.0 = Release|Any CPU
		{E348F764-4E72-4A17-B6CD-F89C3B932F73}.Debug|Any CPU.ActiveCfg = Debug|Any CPU
		{E348F764-4E72-4A17-B6CD-F89C3B932F73}.Debug|Any CPU.Build.0 = Debug|Any CPU
		{E348F764-4E72-4A17-B6CD-F89C3B932F73}.Release|Any CPU.ActiveCfg = Release|Any CPU
		{E348F764-4E72-4A17-B6CD-F89C3B932F73}.Release|Any CPU.Build.0 = Release|Any CPU
		{18073A33-0BBC-41FB-9D91-3E161B5BB9CC}.Debug|Any CPU.ActiveCfg = Debug|Any CPU
		{18073A33-0BBC-41FB-9D91-3E161B5BB9CC}.Debug|Any CPU.Build.0 = Debug|Any CPU
		{18073A33-0BBC-41FB-9D91-3E161B5BB9CC}.Release|Any CPU.ActiveCfg = Release|Any CPU
		{18073A33-0BBC-41FB-9D91-3E161B5BB9CC}.Release|Any CPU.Build.0 = Release|Any CPU
		{140059CF-FE94-44AF-A759-CCE696F5853E}.Debug|Any CPU.ActiveCfg = Debug|Any CPU
		{140059CF-FE94-44AF-A759-CCE696F5853E}.Debug|Any CPU.Build.0 = Debug|Any CPU
		{140059CF-FE94-44AF-A759-CCE696F5853E}.Release|Any CPU.ActiveCfg = Release|Any CPU
		{140059CF-FE94-44AF-A759-CCE696F5853E}.Release|Any CPU.Build.0 = Release|Any CPU
		{B1B318AB-B798-4341-A9EE-D60662919C50}.Debug|Any CPU.ActiveCfg = Debug|Any CPU
		{B1B318AB-B798-4341-A9EE-D60662919C50}.Debug|Any CPU.Build.0 = Debug|Any CPU
		{B1B318AB-B798-4341-A9EE-D60662919C50}.Release|Any CPU.ActiveCfg = Release|Any CPU
		{B1B318AB-B798-4341-A9EE-D60662919C50}.Release|Any CPU.Build.0 = Release|Any CPU
	EndGlobalSection
	GlobalSection(SolutionProperties) = preSolution
		HideSolutionNode = FALSE
	EndGlobalSection
	GlobalSection(ExtensibilityGlobals) = postSolution
		SolutionGuid = {02DA49DE-2E73-4B4E-A5BF-0B35D70916BE}
	EndGlobalSection
EndGlobal
