
Microsoft Visual Studio Solution File, Format Version 12.00
# Visual Studio Version 17
VisualStudioVersion = 17.7.34221.43
MinimumVisualStudioVersion = 10.0.40219.1
Project("{FAE04EC0-301F-11D3-BF4B-00C04F79EFBC}") = "01. Match Full Name", "01. Match Full Name\01. Match Full Name.csproj", "{ABEA07C0-FFF5-4CBD-AF98-C9255D28D6C1}"
EndProject
Project("{FAE04EC0-301F-11D3-BF4B-00C04F79EFBC}") = "02. Match Phone Number", "02. Match Phone Number\02. Match Phone Number.csproj", "{D9D18D2B-F781-4EFD-B413-97AE4B3ABFEF}"
EndProject
Project("{FAE04EC0-301F-11D3-BF4B-00C04F79EFBC}") = "03. Match Dates", "03. Match Dates\03. Match Dates.csproj", "{5A0D861B-F749-4835-93F2-4ED7DF9FAA12}"
EndProject
Global
	GlobalSection(SolutionConfigurationPlatforms) = preSolution
		Debug|Any CPU = Debug|Any CPU
		Release|Any CPU = Release|Any CPU
	EndGlobalSection
	GlobalSection(ProjectConfigurationPlatforms) = postSolution
		{ABEA07C0-FFF5-4CBD-AF98-C9255D28D6C1}.Debug|Any CPU.ActiveCfg = Debug|Any CPU
		{ABEA07C0-FFF5-4CBD-AF98-C9255D28D6C1}.Debug|Any CPU.Build.0 = Debug|Any CPU
		{ABEA07C0-FFF5-4CBD-AF98-C9255D28D6C1}.Release|Any CPU.ActiveCfg = Release|Any CPU
		{ABEA07C0-FFF5-4CBD-AF98-C9255D28D6C1}.Release|Any CPU.Build.0 = Release|Any CPU
		{D9D18D2B-F781-4EFD-B413-97AE4B3ABFEF}.Debug|Any CPU.ActiveCfg = Debug|Any CPU
		{D9D18D2B-F781-4EFD-B413-97AE4B3ABFEF}.Debug|Any CPU.Build.0 = Debug|Any CPU
		{D9D18D2B-F781-4EFD-B413-97AE4B3ABFEF}.Release|Any CPU.ActiveCfg = Release|Any CPU
		{D9D18D2B-F781-4EFD-B413-97AE4B3ABFEF}.Release|Any CPU.Build.0 = Release|Any CPU
		{5A0D861B-F749-4835-93F2-4ED7DF9FAA12}.Debug|Any CPU.ActiveCfg = Debug|Any CPU
		{5A0D861B-F749-4835-93F2-4ED7DF9FAA12}.Debug|Any CPU.Build.0 = Debug|Any CPU
		{5A0D861B-F749-4835-93F2-4ED7DF9FAA12}.Release|Any CPU.ActiveCfg = Release|Any CPU
		{5A0D861B-F749-4835-93F2-4ED7DF9FAA12}.Release|Any CPU.Build.0 = Release|Any CPU
	EndGlobalSection
	GlobalSection(SolutionProperties) = preSolution
		HideSolutionNode = FALSE
	EndGlobalSection
	GlobalSection(ExtensibilityGlobals) = postSolution
		SolutionGuid = {83DA5790-7C3F-48CF-9481-62EC4939BFA1}
	EndGlobalSection
EndGlobal
