
Microsoft Visual Studio Solution File, Format Version 12.00
# Visual Studio Version 17
VisualStudioVersion = 17.7.34221.43
MinimumVisualStudioVersion = 10.0.40219.1
Project("{FAE04EC0-301F-11D3-BF4B-00C04F79EFBC}") = "02. Min Max Values", "02. Min Max Values\02. Min Max Values.csproj", "{A8DF7E41-4322-4657-8576-6E6E775E8CF7}"
EndProject
Global
	GlobalSection(SolutionConfigurationPlatforms) = preSolution
		Debug|Any CPU = Debug|Any CPU
		Release|Any CPU = Release|Any CPU
	EndGlobalSection
	GlobalSection(ProjectConfigurationPlatforms) = postSolution
		{A8DF7E41-4322-4657-8576-6E6E775E8CF7}.Debug|Any CPU.ActiveCfg = Debug|Any CPU
		{A8DF7E41-4322-4657-8576-6E6E775E8CF7}.Debug|Any CPU.Build.0 = Debug|Any CPU
		{A8DF7E41-4322-4657-8576-6E6E775E8CF7}.Release|Any CPU.ActiveCfg = Release|Any CPU
		{A8DF7E41-4322-4657-8576-6E6E775E8CF7}.Release|Any CPU.Build.0 = Release|Any CPU
	EndGlobalSection
	GlobalSection(SolutionProperties) = preSolution
		HideSolutionNode = FALSE
	EndGlobalSection
	GlobalSection(ExtensibilityGlobals) = postSolution
		SolutionGuid = {0A045DD5-F735-4B8E-A699-A9FBDC10E269}
	EndGlobalSection
EndGlobal
